
Microsoft Visual Studio Solution File, Format Version 12.00
# Visual Studio Version 17
VisualStudioVersion = 17.7.34003.232
MinimumVisualStudioVersion = 10.0.40219.1
Project("{9A19103F-16F7-4668-BE54-9A1E7A4F7556}") = "Calculadora", "Calculadora.csproj", "{2BF93E23-18E0-4E00-94B0-7F03B7174AA5}"
EndProject
Project("{FAE04EC0-301F-11D3-BF4B-00C04F79EFBC}") = "Operadores", "..\Unitários\Operadores.csproj", "{2A9C1D92-FB48-42FA-9B43-40F96B0BAC50}"
EndProject
Project("{FAE04EC0-301F-11D3-BF4B-00C04F79EFBC}") = "Salario", "..\Salário\Salario.csproj", "{1DB8A759-4E8C-4391-B808-56C4D93AA5AF}"
EndProject
Project("{FAE04EC0-301F-11D3-BF4B-00C04F79EFBC}") = "Media", "..\Media\Media.csproj", "{E50577A7-B14F-43E5-9477-E2DC6B727CA4}"
EndProject
Project("{FAE04EC0-301F-11D3-BF4B-00C04F79EFBC}") = "SalarioLiquido", "..\SalarioLiquido\SalarioLiquido.csproj", "{1DD46A66-C405-46A0-8D3A-46EA98A8DDDF}"
EndProject
Global
	GlobalSection(SolutionConfigurationPlatforms) = preSolution
		Debug|Any CPU = Debug|Any CPU
		Release|Any CPU = Release|Any CPU
	EndGlobalSection
	GlobalSection(ProjectConfigurationPlatforms) = postSolution
		{2BF93E23-18E0-4E00-94B0-7F03B7174AA5}.Debug|Any CPU.ActiveCfg = Debug|Any CPU
		{2BF93E23-18E0-4E00-94B0-7F03B7174AA5}.Debug|Any CPU.Build.0 = Debug|Any CPU
		{2BF93E23-18E0-4E00-94B0-7F03B7174AA5}.Release|Any CPU.ActiveCfg = Release|Any CPU
		{2BF93E23-18E0-4E00-94B0-7F03B7174AA5}.Release|Any CPU.Build.0 = Release|Any CPU
		{2A9C1D92-FB48-42FA-9B43-40F96B0BAC50}.Debug|Any CPU.ActiveCfg = Debug|Any CPU
		{2A9C1D92-FB48-42FA-9B43-40F96B0BAC50}.Debug|Any CPU.Build.0 = Debug|Any CPU
		{2A9C1D92-FB48-42FA-9B43-40F96B0BAC50}.Release|Any CPU.ActiveCfg = Release|Any CPU
		{2A9C1D92-FB48-42FA-9B43-40F96B0BAC50}.Release|Any CPU.Build.0 = Release|Any CPU
		{1DB8A759-4E8C-4391-B808-56C4D93AA5AF}.Debug|Any CPU.ActiveCfg = Debug|Any CPU
		{1DB8A759-4E8C-4391-B808-56C4D93AA5AF}.Debug|Any CPU.Build.0 = Debug|Any CPU
		{1DB8A759-4E8C-4391-B808-56C4D93AA5AF}.Release|Any CPU.ActiveCfg = Release|Any CPU
		{1DB8A759-4E8C-4391-B808-56C4D93AA5AF}.Release|Any CPU.Build.0 = Release|Any CPU
		{E50577A7-B14F-43E5-9477-E2DC6B727CA4}.Debug|Any CPU.ActiveCfg = Debug|Any CPU
		{E50577A7-B14F-43E5-9477-E2DC6B727CA4}.Debug|Any CPU.Build.0 = Debug|Any CPU
		{E50577A7-B14F-43E5-9477-E2DC6B727CA4}.Release|Any CPU.ActiveCfg = Release|Any CPU
		{E50577A7-B14F-43E5-9477-E2DC6B727CA4}.Release|Any CPU.Build.0 = Release|Any CPU
		{1DD46A66-C405-46A0-8D3A-46EA98A8DDDF}.Debug|Any CPU.ActiveCfg = Debug|Any CPU
		{1DD46A66-C405-46A0-8D3A-46EA98A8DDDF}.Debug|Any CPU.Build.0 = Debug|Any CPU
		{1DD46A66-C405-46A0-8D3A-46EA98A8DDDF}.Release|Any CPU.ActiveCfg = Release|Any CPU
		{1DD46A66-C405-46A0-8D3A-46EA98A8DDDF}.Release|Any CPU.Build.0 = Release|Any CPU
	EndGlobalSection
	GlobalSection(SolutionProperties) = preSolution
		HideSolutionNode = FALSE
	EndGlobalSection
	GlobalSection(ExtensibilityGlobals) = postSolution
		SolutionGuid = {82F20A9D-8AE9-47EF-907A-C9D182801DDD}
	EndGlobalSection
EndGlobal
